// !$*UTF8*$!
{
	archiveVersion = 1;
	classes = {
	};
	objectVersion = 56;
	objects = {

/* Begin PBXBuildFile section */
		317F8ABC2A5A58EA00762C55 /* WelcomePreviewApp.swift in Sources */ = {isa = PBXBuildFile; fileRef = 317F8ABB2A5A58EA00762C55 /* WelcomePreviewApp.swift */; };
		317F8AC02A5A58EB00762C55 /* Assets.xcassets in Resources */ = {isa = PBXBuildFile; fileRef = 317F8ABF2A5A58EB00762C55 /* Assets.xcassets */; };
		317F8ACF2A5A5AE800762C55 /* WelcomeFeature in Frameworks */ = {isa = PBXBuildFile; productRef = 317F8ACE2A5A5AE800762C55 /* WelcomeFeature */; };
		31A0F8F72A5A5FAC00BD1263 /* ArticlesPreviewApp.swift in Sources */ = {isa = PBXBuildFile; fileRef = 31A0F8F62A5A5FAC00BD1263 /* ArticlesPreviewApp.swift */; };
		31A0F8FB2A5A5FAD00BD1263 /* Assets.xcassets in Resources */ = {isa = PBXBuildFile; fileRef = 31A0F8FA2A5A5FAD00BD1263 /* Assets.xcassets */; };
		31A0F9032A5A606800BD1263 /* ArticlesFeature in Frameworks */ = {isa = PBXBuildFile; productRef = 31A0F9022A5A606800BD1263 /* ArticlesFeature */; };
		31BE28AE2A5A3D510033B4FE /* Assets.xcassets in Resources */ = {isa = PBXBuildFile; fileRef = 31BE28A92A5A3D510033B4FE /* Assets.xcassets */; };
		31BE28AF2A5A3D510033B4FE /* app.swift in Sources */ = {isa = PBXBuildFile; fileRef = 31BE28AA2A5A3D510033B4FE /* app.swift */; };
		31BE28B22A5A3DF10033B4FE /* shift in Resources */ = {isa = PBXBuildFile; fileRef = 31BE28B12A5A3DF10033B4FE /* shift */; };
		31BE28BA2A5A4ADE0033B4FE /* WelcomeFeature in Frameworks */ = {isa = PBXBuildFile; productRef = 31BE28B92A5A4ADE0033B4FE /* WelcomeFeature */; };
/* End PBXBuildFile section */

/* Begin PBXFileReference section */
		317F8ABB2A5A58EA00762C55 /* WelcomePreviewApp.swift */ = {isa = PBXFileReference; lastKnownFileType = sourcecode.swift; path = WelcomePreviewApp.swift; sourceTree = "<group>"; };
		317F8ABF2A5A58EB00762C55 /* Assets.xcassets */ = {isa = PBXFileReference; lastKnownFileType = folder.assetcatalog; path = Assets.xcassets; sourceTree = "<group>"; };
		31A0F8EE2A5A5F8100BD1263 /* app.app */ = {isa = PBXFileReference; explicitFileType = wrapper.application; includeInIndex = 0; path = app.app; sourceTree = BUILT_PRODUCTS_DIR; };
		31A0F8EF2A5A5F8100BD1263 /* WelcomePreview.app */ = {isa = PBXFileReference; explicitFileType = wrapper.application; includeInIndex = 0; path = WelcomePreview.app; sourceTree = BUILT_PRODUCTS_DIR; };
		31A0F8F42A5A5FAC00BD1263 /* ArticlesPreview.app */ = {isa = PBXFileReference; explicitFileType = wrapper.application; includeInIndex = 0; path = ArticlesPreview.app; sourceTree = BUILT_PRODUCTS_DIR; };
		31A0F8F62A5A5FAC00BD1263 /* ArticlesPreviewApp.swift */ = {isa = PBXFileReference; lastKnownFileType = sourcecode.swift; path = ArticlesPreviewApp.swift; sourceTree = "<group>"; };
		31A0F8FA2A5A5FAD00BD1263 /* Assets.xcassets */ = {isa = PBXFileReference; lastKnownFileType = folder.assetcatalog; path = Assets.xcassets; sourceTree = "<group>"; };
		31BE28A92A5A3D510033B4FE /* Assets.xcassets */ = {isa = PBXFileReference; lastKnownFileType = folder.assetcatalog; path = Assets.xcassets; sourceTree = "<group>"; };
		31BE28AA2A5A3D510033B4FE /* app.swift */ = {isa = PBXFileReference; fileEncoding = 4; lastKnownFileType = sourcecode.swift; path = app.swift; sourceTree = "<group>"; };
		31BE28AD2A5A3D510033B4FE /* app.entitlements */ = {isa = PBXFileReference; fileEncoding = 4; lastKnownFileType = text.plist.entitlements; path = app.entitlements; sourceTree = "<group>"; };
		31BE28B12A5A3DF10033B4FE /* shift */ = {isa = PBXFileReference; lastKnownFileType = wrapper; path = shift; sourceTree = "<group>"; };
/* End PBXFileReference section */

/* Begin PBXFrameworksBuildPhase section */
		310B34CC2A5A3B9B00E39284 /* Frameworks */ = {
			isa = PBXFrameworksBuildPhase;
			buildActionMask = 2147483647;
			files = (
				31BE28BA2A5A4ADE0033B4FE /* WelcomeFeature in Frameworks */,
			);
			runOnlyForDeploymentPostprocessing = 0;
		};
		317F8AB62A5A58EA00762C55 /* Frameworks */ = {
			isa = PBXFrameworksBuildPhase;
			buildActionMask = 2147483647;
			files = (
				317F8ACF2A5A5AE800762C55 /* WelcomeFeature in Frameworks */,
			);
			runOnlyForDeploymentPostprocessing = 0;
		};
		31A0F8F12A5A5FAC00BD1263 /* Frameworks */ = {
			isa = PBXFrameworksBuildPhase;
			buildActionMask = 2147483647;
			files = (
				31A0F9032A5A606800BD1263 /* ArticlesFeature in Frameworks */,
			);
			runOnlyForDeploymentPostprocessing = 0;
		};
/* End PBXFrameworksBuildPhase section */

/* Begin PBXGroup section */
		310B34C62A5A3B9B00E39284 = {
			isa = PBXGroup;
			children = (
				31BE28B12A5A3DF10033B4FE /* shift */,
				31BE28A82A5A3D510033B4FE /* app */,
				31BE28B82A5A4ADE0033B4FE /* Frameworks */,
				31BE28BD2A5A56F20033B4FE /* Previews */,
				31A0F8EE2A5A5F8100BD1263 /* app.app */,
				31A0F8EF2A5A5F8100BD1263 /* WelcomePreview.app */,
				31A0F8F42A5A5FAC00BD1263 /* ArticlesPreview.app */,
			);
			sourceTree = "<group>";
		};
		317F8ABA2A5A58EA00762C55 /* WelcomePreview */ = {
			isa = PBXGroup;
			children = (
				317F8ABB2A5A58EA00762C55 /* WelcomePreviewApp.swift */,
				317F8ABF2A5A58EB00762C55 /* Assets.xcassets */,
			);
			path = WelcomePreview;
			sourceTree = "<group>";
		};
		31A0F8F52A5A5FAC00BD1263 /* ArticlesPreview */ = {
			isa = PBXGroup;
			children = (
				31A0F8F62A5A5FAC00BD1263 /* ArticlesPreviewApp.swift */,
				31A0F8FA2A5A5FAD00BD1263 /* Assets.xcassets */,
			);
			name = ArticlesPreview;
			path = ../ArticlesPreview;
			sourceTree = "<group>";
		};
		31BE28A82A5A3D510033B4FE /* app */ = {
			isa = PBXGroup;
			children = (
				31BE28A92A5A3D510033B4FE /* Assets.xcassets */,
				31BE28AA2A5A3D510033B4FE /* app.swift */,
				31BE28AD2A5A3D510033B4FE /* app.entitlements */,
			);
			path = app;
			sourceTree = "<group>";
		};
		31BE28B82A5A4ADE0033B4FE /* Frameworks */ = {
			isa = PBXGroup;
			children = (
			);
			name = Frameworks;
			sourceTree = "<group>";
		};
		31BE28BD2A5A56F20033B4FE /* Previews */ = {
			isa = PBXGroup;
			children = (
				31A0F8F52A5A5FAC00BD1263 /* ArticlesPreview */,
				317F8ABA2A5A58EA00762C55 /* WelcomePreview */,
			);
			path = Previews;
			sourceTree = "<group>";
		};
/* End PBXGroup section */

/* Begin PBXNativeTarget section */
		310B34CE2A5A3B9B00E39284 /* app */ = {
			isa = PBXNativeTarget;
			buildConfigurationList = 310B34DE2A5A3B9C00E39284 /* Build configuration list for PBXNativeTarget "app" */;
			buildPhases = (
				310B34CB2A5A3B9B00E39284 /* Sources */,
				310B34CC2A5A3B9B00E39284 /* Frameworks */,
				310B34CD2A5A3B9B00E39284 /* Resources */,
			);
			buildRules = (
			);
			dependencies = (
			);
			name = app;
			packageProductDependencies = (
				31BE28B92A5A4ADE0033B4FE /* WelcomeFeature */,
			);
			productName = shift;
			productReference = 31A0F8EE2A5A5F8100BD1263 /* app.app */;
			productType = "com.apple.product-type.application";
		};
		317F8AB82A5A58EA00762C55 /* WelcomePreview */ = {
			isa = PBXNativeTarget;
			buildConfigurationList = 317F8AC42A5A58EB00762C55 /* Build configuration list for PBXNativeTarget "WelcomePreview" */;
			buildPhases = (
				317F8AB52A5A58EA00762C55 /* Sources */,
				317F8AB62A5A58EA00762C55 /* Frameworks */,
				317F8AB72A5A58EA00762C55 /* Resources */,
			);
			buildRules = (
			);
			dependencies = (
			);
			name = WelcomePreview;
			packageProductDependencies = (
				317F8ACE2A5A5AE800762C55 /* WelcomeFeature */,
			);
			productName = WelcomePreview;
			productReference = 31A0F8EF2A5A5F8100BD1263 /* WelcomePreview.app */;
			productType = "com.apple.product-type.application";
		};
		31A0F8F32A5A5FAC00BD1263 /* ArticlesPreview */ = {
			isa = PBXNativeTarget;
			buildConfigurationList = 31A0F8FF2A5A5FAD00BD1263 /* Build configuration list for PBXNativeTarget "ArticlesPreview" */;
			buildPhases = (
				31A0F8F02A5A5FAC00BD1263 /* Sources */,
				31A0F8F12A5A5FAC00BD1263 /* Frameworks */,
				31A0F8F22A5A5FAC00BD1263 /* Resources */,
			);
			buildRules = (
			);
			dependencies = (
			);
			name = ArticlesPreview;
			packageProductDependencies = (
				31A0F9022A5A606800BD1263 /* ArticlesFeature */,
			);
			productName = ArticlesPreview;
			productReference = 31A0F8F42A5A5FAC00BD1263 /* ArticlesPreview.app */;
			productType = "com.apple.product-type.application";
		};
/* End PBXNativeTarget section */

/* Begin PBXProject section */
		310B34C72A5A3B9B00E39284 /* Project object */ = {
			isa = PBXProject;
			attributes = {
				BuildIndependentTargetsInParallel = 1;
				LastSwiftUpdateCheck = 1500;
				LastUpgradeCheck = 1500;
				TargetAttributes = {
					310B34CE2A5A3B9B00E39284 = {
						CreatedOnToolsVersion = 15.0;
					};
					317F8AB82A5A58EA00762C55 = {
						CreatedOnToolsVersion = 15.0;
					};
					31A0F8F32A5A5FAC00BD1263 = {
						CreatedOnToolsVersion = 15.0;
					};
				};
			};
			buildConfigurationList = 310B34CA2A5A3B9B00E39284 /* Build configuration list for PBXProject "shift" */;
			compatibilityVersion = "Xcode 14.0";
			developmentRegion = en;
			hasScannedForEncodings = 0;
			knownRegions = (
				en,
				Base,
			);
			mainGroup = 310B34C62A5A3B9B00E39284;
			packageReferences = (
			);
			productRefGroup = 310B34C62A5A3B9B00E39284;
			projectDirPath = "";
			projectRoot = "";
			targets = (
				310B34CE2A5A3B9B00E39284 /* app */,
				317F8AB82A5A58EA00762C55 /* WelcomePreview */,
				31A0F8F32A5A5FAC00BD1263 /* ArticlesPreview */,
			);
		};
/* End PBXProject section */

/* Begin PBXResourcesBuildPhase section */
		310B34CD2A5A3B9B00E39284 /* Resources */ = {
			isa = PBXResourcesBuildPhase;
			buildActionMask = 2147483647;
			files = (
				31BE28AE2A5A3D510033B4FE /* Assets.xcassets in Resources */,
				31BE28B22A5A3DF10033B4FE /* shift in Resources */,
			);
			runOnlyForDeploymentPostprocessing = 0;
		};
		317F8AB72A5A58EA00762C55 /* Resources */ = {
			isa = PBXResourcesBuildPhase;
			buildActionMask = 2147483647;
			files = (
				317F8AC02A5A58EB00762C55 /* Assets.xcassets in Resources */,
			);
			runOnlyForDeploymentPostprocessing = 0;
		};
		31A0F8F22A5A5FAC00BD1263 /* Resources */ = {
			isa = PBXResourcesBuildPhase;
			buildActionMask = 2147483647;
			files = (
				31A0F8FB2A5A5FAD00BD1263 /* Assets.xcassets in Resources */,
			);
			runOnlyForDeploymentPostprocessing = 0;
		};
/* End PBXResourcesBuildPhase section */

/* Begin PBXSourcesBuildPhase section */
		310B34CB2A5A3B9B00E39284 /* Sources */ = {
			isa = PBXSourcesBuildPhase;
			buildActionMask = 2147483647;
			files = (
				31BE28AF2A5A3D510033B4FE /* app.swift in Sources */,
			);
			runOnlyForDeploymentPostprocessing = 0;
		};
		317F8AB52A5A58EA00762C55 /* Sources */ = {
			isa = PBXSourcesBuildPhase;
			buildActionMask = 2147483647;
			files = (
				317F8ABC2A5A58EA00762C55 /* WelcomePreviewApp.swift in Sources */,
			);
			runOnlyForDeploymentPostprocessing = 0;
		};
		31A0F8F02A5A5FAC00BD1263 /* Sources */ = {
			isa = PBXSourcesBuildPhase;
			buildActionMask = 2147483647;
			files = (
				31A0F8F72A5A5FAC00BD1263 /* ArticlesPreviewApp.swift in Sources */,
			);
			runOnlyForDeploymentPostprocessing = 0;
		};
/* End PBXSourcesBuildPhase section */

/* Begin XCBuildConfiguration section */
		310B34DC2A5A3B9C00E39284 /* Debug */ = {
			isa = XCBuildConfiguration;
			buildSettings = {
				ALWAYS_SEARCH_USER_PATHS = NO;
				ASSETCATALOG_COMPILER_GENERATE_SWIFT_ASSET_SYMBOL_EXTENSIONS = YES;
				CLANG_ANALYZER_NONNULL = YES;
				CLANG_ANALYZER_NUMBER_OBJECT_CONVERSION = YES_AGGRESSIVE;
				CLANG_CXX_LANGUAGE_STANDARD = "gnu++20";
				CLANG_ENABLE_MODULES = YES;
				CLANG_ENABLE_OBJC_ARC = YES;
				CLANG_ENABLE_OBJC_WEAK = YES;
				CLANG_WARN_BLOCK_CAPTURE_AUTORELEASING = YES;
				CLANG_WARN_BOOL_CONVERSION = YES;
				CLANG_WARN_COMMA = YES;
				CLANG_WARN_CONSTANT_CONVERSION = YES;
				CLANG_WARN_DEPRECATED_OBJC_IMPLEMENTATIONS = YES;
				CLANG_WARN_DIRECT_OBJC_ISA_USAGE = YES_ERROR;
				CLANG_WARN_DOCUMENTATION_COMMENTS = YES;
				CLANG_WARN_EMPTY_BODY = YES;
				CLANG_WARN_ENUM_CONVERSION = YES;
				CLANG_WARN_INFINITE_RECURSION = YES;
				CLANG_WARN_INT_CONVERSION = YES;
				CLANG_WARN_NON_LITERAL_NULL_CONVERSION = YES;
				CLANG_WARN_OBJC_IMPLICIT_RETAIN_SELF = YES;
				CLANG_WARN_OBJC_LITERAL_CONVERSION = YES;
				CLANG_WARN_OBJC_ROOT_CLASS = YES_ERROR;
				CLANG_WARN_QUOTED_INCLUDE_IN_FRAMEWORK_HEADER = YES;
				CLANG_WARN_RANGE_LOOP_ANALYSIS = YES;
				CLANG_WARN_STRICT_PROTOTYPES = YES;
				CLANG_WARN_SUSPICIOUS_MOVE = YES;
				CLANG_WARN_UNGUARDED_AVAILABILITY = YES_AGGRESSIVE;
				CLANG_WARN_UNREACHABLE_CODE = YES;
				CLANG_WARN__DUPLICATE_METHOD_MATCH = YES;
				COPY_PHASE_STRIP = NO;
				DEBUG_INFORMATION_FORMAT = dwarf;
				ENABLE_STRICT_OBJC_MSGSEND = YES;
				ENABLE_TESTABILITY = YES;
				ENABLE_USER_SCRIPT_SANDBOXING = YES;
				GCC_C_LANGUAGE_STANDARD = gnu17;
				GCC_DYNAMIC_NO_PIC = NO;
				GCC_NO_COMMON_BLOCKS = YES;
				GCC_OPTIMIZATION_LEVEL = 0;
				GCC_PREPROCESSOR_DEFINITIONS = (
					"DEBUG=1",
					"$(inherited)",
				);
				GCC_WARN_64_TO_32_BIT_CONVERSION = YES;
				GCC_WARN_ABOUT_RETURN_TYPE = YES_ERROR;
				GCC_WARN_UNDECLARED_SELECTOR = YES;
				GCC_WARN_UNINITIALIZED_AUTOS = YES_AGGRESSIVE;
				GCC_WARN_UNUSED_FUNCTION = YES;
				GCC_WARN_UNUSED_VARIABLE = YES;
				LOCALIZATION_PREFERS_STRING_CATALOGS = YES;
				MTL_ENABLE_DEBUG_INFO = INCLUDE_SOURCE;
				MTL_FAST_MATH = YES;
				ONLY_ACTIVE_ARCH = YES;
				SWIFT_ACTIVE_COMPILATION_CONDITIONS = "DEBUG $(inherited)";
				SWIFT_OPTIMIZATION_LEVEL = "-Onone";
				SYMROOT = "";
			};
			name = Debug;
		};
		310B34DD2A5A3B9C00E39284 /* Release */ = {
			isa = XCBuildConfiguration;
			buildSettings = {
				ALWAYS_SEARCH_USER_PATHS = NO;
				ASSETCATALOG_COMPILER_GENERATE_SWIFT_ASSET_SYMBOL_EXTENSIONS = YES;
				CLANG_ANALYZER_NONNULL = YES;
				CLANG_ANALYZER_NUMBER_OBJECT_CONVERSION = YES_AGGRESSIVE;
				CLANG_CXX_LANGUAGE_STANDARD = "gnu++20";
				CLANG_ENABLE_MODULES = YES;
				CLANG_ENABLE_OBJC_ARC = YES;
				CLANG_ENABLE_OBJC_WEAK = YES;
				CLANG_WARN_BLOCK_CAPTURE_AUTORELEASING = YES;
				CLANG_WARN_BOOL_CONVERSION = YES;
				CLANG_WARN_COMMA = YES;
				CLANG_WARN_CONSTANT_CONVERSION = YES;
				CLANG_WARN_DEPRECATED_OBJC_IMPLEMENTATIONS = YES;
				CLANG_WARN_DIRECT_OBJC_ISA_USAGE = YES_ERROR;
				CLANG_WARN_DOCUMENTATION_COMMENTS = YES;
				CLANG_WARN_EMPTY_BODY = YES;
				CLANG_WARN_ENUM_CONVERSION = YES;
				CLANG_WARN_INFINITE_RECURSION = YES;
				CLANG_WARN_INT_CONVERSION = YES;
				CLANG_WARN_NON_LITERAL_NULL_CONVERSION = YES;
				CLANG_WARN_OBJC_IMPLICIT_RETAIN_SELF = YES;
				CLANG_WARN_OBJC_LITERAL_CONVERSION = YES;
				CLANG_WARN_OBJC_ROOT_CLASS = YES_ERROR;
				CLANG_WARN_QUOTED_INCLUDE_IN_FRAMEWORK_HEADER = YES;
				CLANG_WARN_RANGE_LOOP_ANALYSIS = YES;
				CLANG_WARN_STRICT_PROTOTYPES = YES;
				CLANG_WARN_SUSPICIOUS_MOVE = YES;
				CLANG_WARN_UNGUARDED_AVAILABILITY = YES_AGGRESSIVE;
				CLANG_WARN_UNREACHABLE_CODE = YES;
				CLANG_WARN__DUPLICATE_METHOD_MATCH = YES;
				COPY_PHASE_STRIP = NO;
				DEBUG_INFORMATION_FORMAT = "dwarf-with-dsym";
				ENABLE_NS_ASSERTIONS = NO;
				ENABLE_STRICT_OBJC_MSGSEND = YES;
				ENABLE_USER_SCRIPT_SANDBOXING = YES;
				GCC_C_LANGUAGE_STANDARD = gnu17;
				GCC_NO_COMMON_BLOCKS = YES;
				GCC_WARN_64_TO_32_BIT_CONVERSION = YES;
				GCC_WARN_ABOUT_RETURN_TYPE = YES_ERROR;
				GCC_WARN_UNDECLARED_SELECTOR = YES;
				GCC_WARN_UNINITIALIZED_AUTOS = YES_AGGRESSIVE;
				GCC_WARN_UNUSED_FUNCTION = YES;
				GCC_WARN_UNUSED_VARIABLE = YES;
				LOCALIZATION_PREFERS_STRING_CATALOGS = YES;
				MTL_ENABLE_DEBUG_INFO = NO;
				MTL_FAST_MATH = YES;
				SWIFT_COMPILATION_MODE = wholemodule;
				SYMROOT = "";
			};
			name = Release;
		};
		310B34DF2A5A3B9C00E39284 /* Debug */ = {
			isa = XCBuildConfiguration;
			buildSettings = {
				ASSETCATALOG_COMPILER_APPICON_NAME = AppIcon;
				ASSETCATALOG_COMPILER_GLOBAL_ACCENT_COLOR_NAME = AccentColor;
				CODE_SIGN_ENTITLEMENTS = app/app.entitlements;
				CODE_SIGN_STYLE = Automatic;
				CURRENT_PROJECT_VERSION = 1;
				DEVELOPMENT_TEAM = QQ482S29QV;
				ENABLE_HARDENED_RUNTIME = YES;
				ENABLE_PREVIEWS = YES;
				GENERATE_INFOPLIST_FILE = YES;
				"INFOPLIST_KEY_UIApplicationSceneManifest_Generation[sdk=iphoneos*]" = YES;
				"INFOPLIST_KEY_UIApplicationSceneManifest_Generation[sdk=iphonesimulator*]" = YES;
				"INFOPLIST_KEY_UIApplicationSupportsIndirectInputEvents[sdk=iphoneos*]" = YES;
				"INFOPLIST_KEY_UIApplicationSupportsIndirectInputEvents[sdk=iphonesimulator*]" = YES;
				"INFOPLIST_KEY_UILaunchScreen_Generation[sdk=iphoneos*]" = YES;
				"INFOPLIST_KEY_UILaunchScreen_Generation[sdk=iphonesimulator*]" = YES;
				"INFOPLIST_KEY_UIStatusBarStyle[sdk=iphoneos*]" = UIStatusBarStyleDefault;
				"INFOPLIST_KEY_UIStatusBarStyle[sdk=iphonesimulator*]" = UIStatusBarStyleDefault;
				INFOPLIST_KEY_UISupportedInterfaceOrientations_iPad = "UIInterfaceOrientationPortrait UIInterfaceOrientationPortraitUpsideDown UIInterfaceOrientationLandscapeLeft UIInterfaceOrientationLandscapeRight";
				INFOPLIST_KEY_UISupportedInterfaceOrientations_iPhone = "UIInterfaceOrientationPortrait UIInterfaceOrientationLandscapeLeft UIInterfaceOrientationLandscapeRight";
				IPHONEOS_DEPLOYMENT_TARGET = 17.0;
				LD_RUNPATH_SEARCH_PATHS = "@executable_path/Frameworks";
				"LD_RUNPATH_SEARCH_PATHS[sdk=macosx*]" = "@executable_path/../Frameworks";
				MACOSX_DEPLOYMENT_TARGET = 13.4;
				MARKETING_VERSION = 1.0;
				PRODUCT_BUNDLE_IDENTIFIER = com.yohoho.org.shift;
				PRODUCT_NAME = "$(TARGET_NAME)";
				SDKROOT = auto;
				SUPPORTED_PLATFORMS = "iphoneos iphonesimulator macosx";
				SWIFT_EMIT_LOC_STRINGS = YES;
				SWIFT_VERSION = 5.0;
				TARGETED_DEVICE_FAMILY = "1,2";
			};
			name = Debug;
		};
		310B34E02A5A3B9C00E39284 /* Release */ = {
			isa = XCBuildConfiguration;
			buildSettings = {
				ASSETCATALOG_COMPILER_APPICON_NAME = AppIcon;
				ASSETCATALOG_COMPILER_GLOBAL_ACCENT_COLOR_NAME = AccentColor;
				CODE_SIGN_ENTITLEMENTS = app/app.entitlements;
				CODE_SIGN_STYLE = Automatic;
				CURRENT_PROJECT_VERSION = 1;
				DEVELOPMENT_TEAM = QQ482S29QV;
				ENABLE_HARDENED_RUNTIME = YES;
				ENABLE_PREVIEWS = YES;
				GENERATE_INFOPLIST_FILE = YES;
				"INFOPLIST_KEY_UIApplicationSceneManifest_Generation[sdk=iphoneos*]" = YES;
				"INFOPLIST_KEY_UIApplicationSceneManifest_Generation[sdk=iphonesimulator*]" = YES;
				"INFOPLIST_KEY_UIApplicationSupportsIndirectInputEvents[sdk=iphoneos*]" = YES;
				"INFOPLIST_KEY_UIApplicationSupportsIndirectInputEvents[sdk=iphonesimulator*]" = YES;
				"INFOPLIST_KEY_UILaunchScreen_Generation[sdk=iphoneos*]" = YES;
				"INFOPLIST_KEY_UILaunchScreen_Generation[sdk=iphonesimulator*]" = YES;
				"INFOPLIST_KEY_UIStatusBarStyle[sdk=iphoneos*]" = UIStatusBarStyleDefault;
				"INFOPLIST_KEY_UIStatusBarStyle[sdk=iphonesimulator*]" = UIStatusBarStyleDefault;
				INFOPLIST_KEY_UISupportedInterfaceOrientations_iPad = "UIInterfaceOrientationPortrait UIInterfaceOrientationPortraitUpsideDown UIInterfaceOrientationLandscapeLeft UIInterfaceOrientationLandscapeRight";
				INFOPLIST_KEY_UISupportedInterfaceOrientations_iPhone = "UIInterfaceOrientationPortrait UIInterfaceOrientationLandscapeLeft UIInterfaceOrientationLandscapeRight";
				IPHONEOS_DEPLOYMENT_TARGET = 17.0;
				LD_RUNPATH_SEARCH_PATHS = "@executable_path/Frameworks";
				"LD_RUNPATH_SEARCH_PATHS[sdk=macosx*]" = "@executable_path/../Frameworks";
				MACOSX_DEPLOYMENT_TARGET = 13.4;
				MARKETING_VERSION = 1.0;
				PRODUCT_BUNDLE_IDENTIFIER = com.yohoho.org.shift;
				PRODUCT_NAME = "$(TARGET_NAME)";
				SDKROOT = auto;
				SUPPORTED_PLATFORMS = "iphoneos iphonesimulator macosx";
				SWIFT_EMIT_LOC_STRINGS = YES;
				SWIFT_VERSION = 5.0;
				TARGETED_DEVICE_FAMILY = "1,2";
			};
			name = Release;
		};
		317F8AC52A5A58EB00762C55 /* Debug */ = {
			isa = XCBuildConfiguration;
			buildSettings = {
				ASSETCATALOG_COMPILER_APPICON_NAME = AppIcon;
				ASSETCATALOG_COMPILER_GLOBAL_ACCENT_COLOR_NAME = AccentColor;
				CODE_SIGN_STYLE = Automatic;
				CURRENT_PROJECT_VERSION = 1;
				DEVELOPMENT_ASSET_PATHS = "";
				DEVELOPMENT_TEAM = QQ482S29QV;
				ENABLE_PREVIEWS = YES;
				GENERATE_INFOPLIST_FILE = YES;
				INFOPLIST_KEY_UIApplicationSceneManifest_Generation = YES;
				INFOPLIST_KEY_UIApplicationSupportsIndirectInputEvents = YES;
				INFOPLIST_KEY_UILaunchScreen_Generation = YES;
				INFOPLIST_KEY_UISupportedInterfaceOrientations_iPad = "UIInterfaceOrientationPortrait UIInterfaceOrientationPortraitUpsideDown UIInterfaceOrientationLandscapeLeft UIInterfaceOrientationLandscapeRight";
				INFOPLIST_KEY_UISupportedInterfaceOrientations_iPhone = "UIInterfaceOrientationPortrait UIInterfaceOrientationLandscapeLeft UIInterfaceOrientationLandscapeRight";
				IPHONEOS_DEPLOYMENT_TARGET = 17.0;
				LD_RUNPATH_SEARCH_PATHS = (
					"$(inherited)",
					"@executable_path/Frameworks",
				);
				MARKETING_VERSION = 1.0;
				PRODUCT_BUNDLE_IDENTIFIER = com.yohoho.org.WelcomePreview;
				PRODUCT_NAME = "$(TARGET_NAME)";
				SDKROOT = iphoneos;
				SWIFT_EMIT_LOC_STRINGS = YES;
				SWIFT_VERSION = 5.0;
				TARGETED_DEVICE_FAMILY = "1,2";
			};
			name = Debug;
		};
		317F8AC62A5A58EB00762C55 /* Release */ = {
			isa = XCBuildConfiguration;
			buildSettings = {
				ASSETCATALOG_COMPILER_APPICON_NAME = AppIcon;
				ASSETCATALOG_COMPILER_GLOBAL_ACCENT_COLOR_NAME = AccentColor;
				CODE_SIGN_STYLE = Automatic;
				CURRENT_PROJECT_VERSION = 1;
				DEVELOPMENT_ASSET_PATHS = "";
				DEVELOPMENT_TEAM = QQ482S29QV;
				ENABLE_PREVIEWS = YES;
				GENERATE_INFOPLIST_FILE = YES;
				INFOPLIST_KEY_UIApplicationSceneManifest_Generation = YES;
				INFOPLIST_KEY_UIApplicationSupportsIndirectInputEvents = YES;
				INFOPLIST_KEY_UILaunchScreen_Generation = YES;
				INFOPLIST_KEY_UISupportedInterfaceOrientations_iPad = "UIInterfaceOrientationPortrait UIInterfaceOrientationPortraitUpsideDown UIInterfaceOrientationLandscapeLeft UIInterfaceOrientationLandscapeRight";
				INFOPLIST_KEY_UISupportedInterfaceOrientations_iPhone = "UIInterfaceOrientationPortrait UIInterfaceOrientationLandscapeLeft UIInterfaceOrientationLandscapeRight";
				IPHONEOS_DEPLOYMENT_TARGET = 17.0;
				LD_RUNPATH_SEARCH_PATHS = (
					"$(inherited)",
					"@executable_path/Frameworks",
				);
				MARKETING_VERSION = 1.0;
				PRODUCT_BUNDLE_IDENTIFIER = com.yohoho.org.WelcomePreview;
				PRODUCT_NAME = "$(TARGET_NAME)";
				SDKROOT = iphoneos;
				SWIFT_EMIT_LOC_STRINGS = YES;
				SWIFT_VERSION = 5.0;
				TARGETED_DEVICE_FAMILY = "1,2";
				VALIDATE_PRODUCT = YES;
			};
			name = Release;
		};
		31A0F9002A5A5FAD00BD1263 /* Debug */ = {
			isa = XCBuildConfiguration;
			buildSettings = {
				ASSETCATALOG_COMPILER_APPICON_NAME = AppIcon;
				ASSETCATALOG_COMPILER_GLOBAL_ACCENT_COLOR_NAME = AccentColor;
				CODE_SIGN_STYLE = Automatic;
				CURRENT_PROJECT_VERSION = 1;
				DEVELOPMENT_ASSET_PATHS = "";
				DEVELOPMENT_TEAM = QQ482S29QV;
				ENABLE_PREVIEWS = YES;
				GENERATE_INFOPLIST_FILE = YES;
				INFOPLIST_KEY_UIApplicationSceneManifest_Generation = YES;
				INFOPLIST_KEY_UIApplicationSupportsIndirectInputEvents = YES;
				INFOPLIST_KEY_UILaunchScreen_Generation = YES;
				INFOPLIST_KEY_UISupportedInterfaceOrientations_iPad = "UIInterfaceOrientationPortrait UIInterfaceOrientationPortraitUpsideDown UIInterfaceOrientationLandscapeLeft UIInterfaceOrientationLandscapeRight";
				INFOPLIST_KEY_UISupportedInterfaceOrientations_iPhone = "UIInterfaceOrientationPortrait UIInterfaceOrientationLandscapeLeft UIInterfaceOrientationLandscapeRight";
				IPHONEOS_DEPLOYMENT_TARGET = 17.0;
				LD_RUNPATH_SEARCH_PATHS = (
					"$(inherited)",
					"@executable_path/Frameworks",
				);
				MARKETING_VERSION = 1.0;
				PRODUCT_BUNDLE_IDENTIFIER = com.yohoho.org.ArticlesPreview;
				PRODUCT_NAME = "$(TARGET_NAME)";
				SDKROOT = iphoneos;
				SWIFT_EMIT_LOC_STRINGS = YES;
				SWIFT_VERSION = 5.0;
				TARGETED_DEVICE_FAMILY = "1,2";
			};
			name = Debug;
		};
		31A0F9012A5A5FAD00BD1263 /* Release */ = {
			isa = XCBuildConfiguration;
			buildSettings = {
				ASSETCATALOG_COMPILER_APPICON_NAME = AppIcon;
				ASSETCATALOG_COMPILER_GLOBAL_ACCENT_COLOR_NAME = AccentColor;
				CODE_SIGN_STYLE = Automatic;
				CURRENT_PROJECT_VERSION = 1;
				DEVELOPMENT_ASSET_PATHS = "";
				DEVELOPMENT_TEAM = QQ482S29QV;
				ENABLE_PREVIEWS = YES;
				GENERATE_INFOPLIST_FILE = YES;
				INFOPLIST_KEY_UIApplicationSceneManifest_Generation = YES;
				INFOPLIST_KEY_UIApplicationSupportsIndirectInputEvents = YES;
				INFOPLIST_KEY_UILaunchScreen_Generation = YES;
				INFOPLIST_KEY_UISupportedInterfaceOrientations_iPad = "UIInterfaceOrientationPortrait UIInterfaceOrientationPortraitUpsideDown UIInterfaceOrientationLandscapeLeft UIInterfaceOrientationLandscapeRight";
				INFOPLIST_KEY_UISupportedInterfaceOrientations_iPhone = "UIInterfaceOrientationPortrait UIInterfaceOrientationLandscapeLeft UIInterfaceOrientationLandscapeRight";
				IPHONEOS_DEPLOYMENT_TARGET = 17.0;
				LD_RUNPATH_SEARCH_PATHS = (
					"$(inherited)",
					"@executable_path/Frameworks",
				);
				MARKETING_VERSION = 1.0;
				PRODUCT_BUNDLE_IDENTIFIER = com.yohoho.org.ArticlesPreview;
				PRODUCT_NAME = "$(TARGET_NAME)";
				SDKROOT = iphoneos;
				SWIFT_EMIT_LOC_STRINGS = YES;
				SWIFT_VERSION = 5.0;
				TARGETED_DEVICE_FAMILY = "1,2";
				VALIDATE_PRODUCT = YES;
			};
			name = Release;
		};
/* End XCBuildConfiguration section */

/* Begin XCConfigurationList section */
		310B34CA2A5A3B9B00E39284 /* Build configuration list for PBXProject "shift" */ = {
			isa = XCConfigurationList;
			buildConfigurations = (
				310B34DC2A5A3B9C00E39284 /* Debug */,
				310B34DD2A5A3B9C00E39284 /* Release */,
			);
			defaultConfigurationIsVisible = 0;
			defaultConfigurationName = Release;
		};
		310B34DE2A5A3B9C00E39284 /* Build configuration list for PBXNativeTarget "app" */ = {
			isa = XCConfigurationList;
			buildConfigurations = (
				310B34DF2A5A3B9C00E39284 /* Debug */,
				310B34E02A5A3B9C00E39284 /* Release */,
			);
			defaultConfigurationIsVisible = 0;
			defaultConfigurationName = Release;
		};
		317F8AC42A5A58EB00762C55 /* Build configuration list for PBXNativeTarget "WelcomePreview" */ = {
			isa = XCConfigurationList;
			buildConfigurations = (
				317F8AC52A5A58EB00762C55 /* Debug */,
				317F8AC62A5A58EB00762C55 /* Release */,
			);
			defaultConfigurationIsVisible = 0;
			defaultConfigurationName = Release;
		};
		31A0F8FF2A5A5FAD00BD1263 /* Build configuration list for PBXNativeTarget "ArticlesPreview" */ = {
			isa = XCConfigurationList;
			buildConfigurations = (
				31A0F9002A5A5FAD00BD1263 /* Debug */,
				31A0F9012A5A5FAD00BD1263 /* Release */,
			);
			defaultConfigurationIsVisible = 0;
			defaultConfigurationName = Release;
		};
/* End XCConfigurationList section */

/* Begin XCSwiftPackageProductDependency section */
		317F8ACE2A5A5AE800762C55 /* WelcomeFeature */ = {
			isa = XCSwiftPackageProductDependency;
			productName = WelcomeFeature;
		};
		31A0F9022A5A606800BD1263 /* ArticlesFeature */ = {
			isa = XCSwiftPackageProductDependency;
			productName = ArticlesFeature;
		};
		31BE28B92A5A4ADE0033B4FE /* WelcomeFeature */ = {
			isa = XCSwiftPackageProductDependency;
			productName = WelcomeFeature;
		};
/* End XCSwiftPackageProductDependency section */
	};
	rootObject = 310B34C72A5A3B9B00E39284 /* Project object */;
}
